# This file was autogenerated by Stack.
# You should not edit this file by hand.
# For more information, please see the documentation at:
#   https://docs.haskellstack.org/en/stable/lock_files

packages:
- completed:
    cabal-file:
      size: 2939
      sha256: fb95ddaf44e1b237b2428d463e16488f87721ce5d53fa7d200bd1d509fd0d322
    name: uvmhs
    version: 0.0.0.0
    git: git@github.com:uvm-plaid/uvmhs.git
    pantry-tree:
      size: 143082
      sha256: 9d1058ceab805ade4bcc793967de72e8af9e77bf0dfe0cdec5a03dc0343ab9ab
    commit: cf9af60d2500a9915a8226c927481b233f940a27
  original:
    git: git@github.com:uvm-plaid/uvmhs.git
    commit: cf9af60d2500a9915a8226c927481b233f940a27
snapshots:
- completed:
    size: 492864
    url: https://raw.githubusercontent.com/commercialhaskell/stackage-snapshots/master/lts/13/2.yaml
    sha256: 586534518d3e7be8617d97ea296f05f497c0b4bb006f100367d66f5c45ae6268
  original: lts-13.2
